// !$*UTF8*$!
{
	archiveVersion = 1;
	classes = {
	};
	objectVersion = 46;
	objects = {

/* Begin PBXBuildFile section */
		B9169975192C018C00B52DD1 /* Foundation.framework in Frameworks */ = {isa = PBXBuildFile; fileRef = B9169974192C018C00B52DD1 /* Foundation.framework */; };
		B9169977192C018C00B52DD1 /* CoreGraphics.framework in Frameworks */ = {isa = PBXBuildFile; fileRef = B9169976192C018C00B52DD1 /* CoreGraphics.framework */; };
		B9169979192C018C00B52DD1 /* UIKit.framework in Frameworks */ = {isa = PBXBuildFile; fileRef = B9169978192C018C00B52DD1 /* UIKit.framework */; };
		B916997F192C018C00B52DD1 /* InfoPlist.strings in Resources */ = {isa = PBXBuildFile; fileRef = B916997D192C018C00B52DD1 /* InfoPlist.strings */; };
		B9169981192C018C00B52DD1 /* main.m in Sources */ = {isa = PBXBuildFile; fileRef = B9169980192C018C00B52DD1 /* main.m */; };
		B9169985192C018C00B52DD1 /* KPAAppDelegate.m in Sources */ = {isa = PBXBuildFile; fileRef = B9169984192C018C00B52DD1 /* KPAAppDelegate.m */; };
		B916998B192C018C00B52DD1 /* KPAViewController.m in Sources */ = {isa = PBXBuildFile; fileRef = B916998A192C018C00B52DD1 /* KPAViewController.m */; };
		B9169994192C018C00B52DD1 /* XCTest.framework in Frameworks */ = {isa = PBXBuildFile; fileRef = B9169993192C018C00B52DD1 /* XCTest.framework */; };
		B9169995192C018C00B52DD1 /* Foundation.framework in Frameworks */ = {isa = PBXBuildFile; fileRef = B9169974192C018C00B52DD1 /* Foundation.framework */; };
		B9169996192C018C00B52DD1 /* UIKit.framework in Frameworks */ = {isa = PBXBuildFile; fileRef = B9169978192C018C00B52DD1 /* UIKit.framework */; };
		B916999E192C018C00B52DD1 /* InfoPlist.strings in Resources */ = {isa = PBXBuildFile; fileRef = B916999C192C018C00B52DD1 /* InfoPlist.strings */; };
		B91699A0192C018C00B52DD1 /* KPAPagedViewDemoTests.m in Sources */ = {isa = PBXBuildFile; fileRef = B916999F192C018C00B52DD1 /* KPAPagedViewDemoTests.m */; };
		B91699AB192C024900B52DD1 /* KPAPagedView.m in Sources */ = {isa = PBXBuildFile; fileRef = B91699AA192C024900B52DD1 /* KPAPagedView.m */; };
		B91699AE192C051100B52DD1 /* Default-568h@2x.png in Resources */ = {isa = PBXBuildFile; fileRef = B91699AD192C051100B52DD1 /* Default-568h@2x.png */; };
/* End PBXBuildFile section */

/* Begin PBXContainerItemProxy section */
		B9169997192C018C00B52DD1 /* PBXContainerItemProxy */ = {
			isa = PBXContainerItemProxy;
			containerPortal = B9169969192C018B00B52DD1 /* Project object */;
			proxyType = 1;
			remoteGlobalIDString = B9169970192C018C00B52DD1;
			remoteInfo = KPAPagedViewDemo;
		};
/* End PBXContainerItemProxy section */

/* Begin PBXFileReference section */
		B9169971192C018C00B52DD1 /* KPAPagedViewDemo.app */ = {isa = PBXFileReference; explicitFileType = wrapper.application; includeInIndex = 0; path = KPAPagedViewDemo.app; sourceTree = BUILT_PRODUCTS_DIR; };
		B9169974192C018C00B52DD1 /* Foundation.framework */ = {isa = PBXFileReference; lastKnownFileType = wrapper.framework; name = Foundation.framework; path = System/Library/Frameworks/Foundation.framework; sourceTree = SDKROOT; };
		B9169976192C018C00B52DD1 /* CoreGraphics.framework */ = {isa = PBXFileReference; lastKnownFileType = wrapper.framework; name = CoreGraphics.framework; path = System/Library/Frameworks/CoreGraphics.framework; sourceTree = SDKROOT; };
		B9169978192C018C00B52DD1 /* UIKit.framework */ = {isa = PBXFileReference; lastKnownFileType = wrapper.framework; name = UIKit.framework; path = System/Library/Frameworks/UIKit.framework; sourceTree = SDKROOT; };
		B916997C192C018C00B52DD1 /* KPAPagedViewDemo-Info.plist */ = {isa = PBXFileReference; lastKnownFileType = text.plist.xml; path = "KPAPagedViewDemo-Info.plist"; sourceTree = "<group>"; };
		B916997E192C018C00B52DD1 /* en */ = {isa = PBXFileReference; lastKnownFileType = text.plist.strings; name = en; path = en.lproj/InfoPlist.strings; sourceTree = "<group>"; };
		B9169980192C018C00B52DD1 /* main.m */ = {isa = PBXFileReference; lastKnownFileType = sourcecode.c.objc; path = main.m; sourceTree = "<group>"; };
		B9169982192C018C00B52DD1 /* KPAPagedViewDemo-Prefix.pch */ = {isa = PBXFileReference; lastKnownFileType = sourcecode.c.h; path = "KPAPagedViewDemo-Prefix.pch"; sourceTree = "<group>"; };
		B9169983192C018C00B52DD1 /* KPAAppDelegate.h */ = {isa = PBXFileReference; lastKnownFileType = sourcecode.c.h; path = KPAAppDelegate.h; sourceTree = "<group>"; };
		B9169984192C018C00B52DD1 /* KPAAppDelegate.m */ = {isa = PBXFileReference; lastKnownFileType = sourcecode.c.objc; path = KPAAppDelegate.m; sourceTree = "<group>"; };
		B9169989192C018C00B52DD1 /* KPAViewController.h */ = {isa = PBXFileReference; lastKnownFileType = sourcecode.c.h; path = KPAViewController.h; sourceTree = "<group>"; };
		B916998A192C018C00B52DD1 /* KPAViewController.m */ = {isa = PBXFileReference; lastKnownFileType = sourcecode.c.objc; path = KPAViewController.m; sourceTree = "<group>"; };
		B9169992192C018C00B52DD1 /* KPAPagedViewDemoTests.xctest */ = {isa = PBXFileReference; explicitFileType = wrapper.cfbundle; includeInIndex = 0; path = KPAPagedViewDemoTests.xctest; sourceTree = BUILT_PRODUCTS_DIR; };
		B9169993192C018C00B52DD1 /* XCTest.framework */ = {isa = PBXFileReference; lastKnownFileType = wrapper.framework; name = XCTest.framework; path = Library/Frameworks/XCTest.framework; sourceTree = DEVELOPER_DIR; };
		B916999B192C018C00B52DD1 /* KPAPagedViewDemoTests-Info.plist */ = {isa = PBXFileReference; lastKnownFileType = text.plist.xml; path = "KPAPagedViewDemoTests-Info.plist"; sourceTree = "<group>"; };
		B916999D192C018C00B52DD1 /* en */ = {isa = PBXFileReference; lastKnownFileType = text.plist.strings; name = en; path = en.lproj/InfoPlist.strings; sourceTree = "<group>"; };
		B916999F192C018C00B52DD1 /* KPAPagedViewDemoTests.m */ = {isa = PBXFileReference; lastKnownFileType = sourcecode.c.objc; path = KPAPagedViewDemoTests.m; sourceTree = "<group>"; };
		B91699A9192C024900B52DD1 /* KPAPagedView.h */ = {isa = PBXFileReference; fileEncoding = 4; lastKnownFileType = sourcecode.c.h; path = KPAPagedView.h; sourceTree = "<group>"; };
		B91699AA192C024900B52DD1 /* KPAPagedView.m */ = {isa = PBXFileReference; fileEncoding = 4; lastKnownFileType = sourcecode.c.objc; path = KPAPagedView.m; sourceTree = "<group>"; };
		B91699AD192C051100B52DD1 /* Default-568h@2x.png */ = {isa = PBXFileReference; lastKnownFileType = image.png; path = "Default-568h@2x.png"; sourceTree = "<group>"; };
/* End PBXFileReference section */

/* Begin PBXFrameworksBuildPhase section */
		B916996E192C018C00B52DD1 /* Frameworks */ = {
			isa = PBXFrameworksBuildPhase;
			buildActionMask = 2147483647;
			files = (
				B9169977192C018C00B52DD1 /* CoreGraphics.framework in Frameworks */,
				B9169979192C018C00B52DD1 /* UIKit.framework in Frameworks */,
				B9169975192C018C00B52DD1 /* Foundation.framework in Frameworks */,
			);
			runOnlyForDeploymentPostprocessing = 0;
		};
		B916998F192C018C00B52DD1 /* Frameworks */ = {
			isa = PBXFrameworksBuildPhase;
			buildActionMask = 2147483647;
			files = (
				B9169994192C018C00B52DD1 /* XCTest.framework in Frameworks */,
				B9169996192C018C00B52DD1 /* UIKit.framework in Frameworks */,
				B9169995192C018C00B52DD1 /* Foundation.framework in Frameworks */,
			);
			runOnlyForDeploymentPostprocessing = 0;
		};
/* End PBXFrameworksBuildPhase section */

/* Begin PBXGroup section */
		B9169968192C018B00B52DD1 = {
			isa = PBXGroup;
			children = (
				B916997A192C018C00B52DD1 /* KPAPagedViewDemo */,
				B9169999192C018C00B52DD1 /* KPAPagedViewDemoTests */,
				B9169973192C018C00B52DD1 /* Frameworks */,
				B9169972192C018C00B52DD1 /* Products */,
			);
			sourceTree = "<group>";
		};
		B9169972192C018C00B52DD1 /* Products */ = {
			isa = PBXGroup;
			children = (
				B9169971192C018C00B52DD1 /* KPAPagedViewDemo.app */,
				B9169992192C018C00B52DD1 /* KPAPagedViewDemoTests.xctest */,
			);
			name = Products;
			sourceTree = "<group>";
		};
		B9169973192C018C00B52DD1 /* Frameworks */ = {
			isa = PBXGroup;
			children = (
				B9169974192C018C00B52DD1 /* Foundation.framework */,
				B9169976192C018C00B52DD1 /* CoreGraphics.framework */,
				B9169978192C018C00B52DD1 /* UIKit.framework */,
				B9169993192C018C00B52DD1 /* XCTest.framework */,
			);
			name = Frameworks;
			sourceTree = "<group>";
		};
		B916997A192C018C00B52DD1 /* KPAPagedViewDemo */ = {
			isa = PBXGroup;
			children = (
				B91699AC192C026400B52DD1 /* KAPagedView */,
				B9169983192C018C00B52DD1 /* KPAAppDelegate.h */,
				B9169984192C018C00B52DD1 /* KPAAppDelegate.m */,
				B9169989192C018C00B52DD1 /* KPAViewController.h */,
				B916998A192C018C00B52DD1 /* KPAViewController.m */,
				B916997B192C018C00B52DD1 /* Supporting Files */,
			);
			path = KPAPagedViewDemo;
			sourceTree = "<group>";
		};
		B916997B192C018C00B52DD1 /* Supporting Files */ = {
			isa = PBXGroup;
			children = (
				B91699AD192C051100B52DD1 /* Default-568h@2x.png */,
				B916997C192C018C00B52DD1 /* KPAPagedViewDemo-Info.plist */,
				B916997D192C018C00B52DD1 /* InfoPlist.strings */,
				B9169980192C018C00B52DD1 /* main.m */,
				B9169982192C018C00B52DD1 /* KPAPagedViewDemo-Prefix.pch */,
			);
			name = "Supporting Files";
			sourceTree = "<group>";
		};
		B9169999192C018C00B52DD1 /* KPAPagedViewDemoTests */ = {
			isa = PBXGroup;
			children = (
				B916999F192C018C00B52DD1 /* KPAPagedViewDemoTests.m */,
				B916999A192C018C00B52DD1 /* Supporting Files */,
			);
			path = KPAPagedViewDemoTests;
			sourceTree = "<group>";
		};
		B916999A192C018C00B52DD1 /* Supporting Files */ = {
			isa = PBXGroup;
			children = (
				B916999B192C018C00B52DD1 /* KPAPagedViewDemoTests-Info.plist */,
				B916999C192C018C00B52DD1 /* InfoPlist.strings */,
			);
			name = "Supporting Files";
			sourceTree = "<group>";
		};
		B91699AC192C026400B52DD1 /* KAPagedView */ = {
			isa = PBXGroup;
			children = (
				B91699A9192C024900B52DD1 /* KPAPagedView.h */,
				B91699AA192C024900B52DD1 /* KPAPagedView.m */,
			);
			name = KAPagedView;
			sourceTree = "<group>";
		};
/* End PBXGroup section */

/* Begin PBXNativeTarget section */
		B9169970192C018C00B52DD1 /* KPAPagedViewDemo */ = {
			isa = PBXNativeTarget;
			buildConfigurationList = B91699A3192C018C00B52DD1 /* Build configuration list for PBXNativeTarget "KPAPagedViewDemo" */;
			buildPhases = (
				B916996D192C018C00B52DD1 /* Sources */,
				B916996E192C018C00B52DD1 /* Frameworks */,
				B916996F192C018C00B52DD1 /* Resources */,
			);
			buildRules = (
			);
			dependencies = (
			);
			name = KPAPagedViewDemo;
			productName = KPAPagedViewDemo;
			productReference = B9169971192C018C00B52DD1 /* KPAPagedViewDemo.app */;
			productType = "com.apple.product-type.application";
		};
		B9169991192C018C00B52DD1 /* KPAPagedViewDemoTests */ = {
			isa = PBXNativeTarget;
			buildConfigurationList = B91699A6192C018C00B52DD1 /* Build configuration list for PBXNativeTarget "KPAPagedViewDemoTests" */;
			buildPhases = (
				B916998E192C018C00B52DD1 /* Sources */,
				B916998F192C018C00B52DD1 /* Frameworks */,
				B9169990192C018C00B52DD1 /* Resources */,
			);
			buildRules = (
			);
			dependencies = (
				B9169998192C018C00B52DD1 /* PBXTargetDependency */,
			);
			name = KPAPagedViewDemoTests;
			productName = KPAPagedViewDemoTests;
			productReference = B9169992192C018C00B52DD1 /* KPAPagedViewDemoTests.xctest */;
			productType = "com.apple.product-type.bundle.unit-test";
		};
/* End PBXNativeTarget section */

/* Begin PBXProject section */
		B9169969192C018B00B52DD1 /* Project object */ = {
			isa = PBXProject;
			attributes = {
				CLASSPREFIX = KPA;
				LastUpgradeCheck = 0510;
				ORGANIZATIONNAME = "Kenneth Parker Ackerson";
				TargetAttributes = {
					B9169991192C018C00B52DD1 = {
						TestTargetID = B9169970192C018C00B52DD1;
					};
				};
			};
			buildConfigurationList = B916996C192C018B00B52DD1 /* Build configuration list for PBXProject "KPAPagedViewDemo" */;
			compatibilityVersion = "Xcode 3.2";
			developmentRegion = English;
			hasScannedForEncodings = 0;
			knownRegions = (
				en,
				Base,
			);
			mainGroup = B9169968192C018B00B52DD1;
			productRefGroup = B9169972192C018C00B52DD1 /* Products */;
			projectDirPath = "";
			projectRoot = "";
			targets = (
				B9169970192C018C00B52DD1 /* KPAPagedViewDemo */,
				B9169991192C018C00B52DD1 /* KPAPagedViewDemoTests */,
			);
		};
/* End PBXProject section */

/* Begin PBXResourcesBuildPhase section */
		B916996F192C018C00B52DD1 /* Resources */ = {
			isa = PBXResourcesBuildPhase;
			buildActionMask = 2147483647;
			files = (
				B916997F192C018C00B52DD1 /* InfoPlist.strings in Resources */,
				B91699AE192C051100B52DD1 /* Default-568h@2x.png in Resources */,
			);
			runOnlyForDeploymentPostprocessing = 0;
		};
		B9169990192C018C00B52DD1 /* Resources */ = {
			isa = PBXResourcesBuildPhase;
			buildActionMask = 2147483647;
			files = (
				B916999E192C018C00B52DD1 /* InfoPlist.strings in Resources */,
			);
			runOnlyForDeploymentPostprocessing = 0;
		};
/* End PBXResourcesBuildPhase section */

/* Begin PBXSourcesBuildPhase section */
		B916996D192C018C00B52DD1 /* Sources */ = {
			isa = PBXSourcesBuildPhase;
			buildActionMask = 2147483647;
			files = (
				B91699AB192C024900B52DD1 /* KPAPagedView.m in Sources */,
				B9169981192C018C00B52DD1 /* main.m in Sources */,
				B9169985192C018C00B52DD1 /* KPAAppDelegate.m in Sources */,
				B916998B192C018C00B52DD1 /* KPAViewController.m in Sources */,
			);
			runOnlyForDeploymentPostprocessing = 0;
		};
		B916998E192C018C00B52DD1 /* Sources */ = {
			isa = PBXSourcesBuildPhase;
			buildActionMask = 2147483647;
			files = (
				B91699A0192C018C00B52DD1 /* KPAPagedViewDemoTests.m in Sources */,
			);
			runOnlyForDeploymentPostprocessing = 0;
		};
/* End PBXSourcesBuildPhase section */

/* Begin PBXTargetDependency section */
		B9169998192C018C00B52DD1 /* PBXTargetDependency */ = {
			isa = PBXTargetDependency;
			target = B9169970192C018C00B52DD1 /* KPAPagedViewDemo */;
			targetProxy = B9169997192C018C00B52DD1 /* PBXContainerItemProxy */;
		};
/* End PBXTargetDependency section */

/* Begin PBXVariantGroup section */
		B916997D192C018C00B52DD1 /* InfoPlist.strings */ = {
			isa = PBXVariantGroup;
			children = (
				B916997E192C018C00B52DD1 /* en */,
			);
			name = InfoPlist.strings;
			sourceTree = "<group>";
		};
		B916999C192C018C00B52DD1 /* InfoPlist.strings */ = {
			isa = PBXVariantGroup;
			children = (
				B916999D192C018C00B52DD1 /* en */,
			);
			name = InfoPlist.strings;
			sourceTree = "<group>";
		};
/* End PBXVariantGroup section */

/* Begin XCBuildConfiguration section */
		B91699A1192C018C00B52DD1 /* Debug */ = {
			isa = XCBuildConfiguration;
			buildSettings = {
				ALWAYS_SEARCH_USER_PATHS = NO;
				CLANG_CXX_LANGUAGE_STANDARD = "gnu++0x";
				CLANG_CXX_LIBRARY = "libc++";
				CLANG_ENABLE_MODULES = YES;
				CLANG_ENABLE_OBJC_ARC = YES;
				CLANG_WARN_BOOL_CONVERSION = YES;
				CLANG_WARN_CONSTANT_CONVERSION = YES;
				CLANG_WARN_DIRECT_OBJC_ISA_USAGE = YES_ERROR;
				CLANG_WARN_EMPTY_BODY = YES;
				CLANG_WARN_ENUM_CONVERSION = YES;
				CLANG_WARN_INT_CONVERSION = YES;
				CLANG_WARN_OBJC_ROOT_CLASS = YES_ERROR;
				CLANG_WARN__DUPLICATE_METHOD_MATCH = YES;
				"CODE_SIGN_IDENTITY[sdk=iphoneos*]" = "iPhone Developer";
				COPY_PHASE_STRIP = NO;
				GCC_C_LANGUAGE_STANDARD = gnu99;
				GCC_DYNAMIC_NO_PIC = NO;
				GCC_OPTIMIZATION_LEVEL = 0;
				GCC_PREPROCESSOR_DEFINITIONS = (
					"DEBUG=1",
					"$(inherited)",
				);
				GCC_SYMBOLS_PRIVATE_EXTERN = NO;
				GCC_WARN_64_TO_32_BIT_CONVERSION = YES;
				GCC_WARN_ABOUT_RETURN_TYPE = YES_ERROR;
				GCC_WARN_UNDECLARED_SELECTOR = YES;
				GCC_WARN_UNINITIALIZED_AUTOS = YES_AGGRESSIVE;
				GCC_WARN_UNUSED_FUNCTION = YES;
				GCC_WARN_UNUSED_VARIABLE = YES;
				IPHONEOS_DEPLOYMENT_TARGET = 7.1;
				ONLY_ACTIVE_ARCH = YES;
				SDKROOT = iphoneos;
			};
			name = Debug;
		};
		B91699A2192C018C00B52DD1 /* Release */ = {
			isa = XCBuildConfiguration;
			buildSettings = {
				ALWAYS_SEARCH_USER_PATHS = NO;
				CLANG_CXX_LANGUAGE_STANDARD = "gnu++0x";
				CLANG_CXX_LIBRARY = "libc++";
				CLANG_ENABLE_MODULES = YES;
				CLANG_ENABLE_OBJC_ARC = YES;
				CLANG_WARN_BOOL_CONVERSION = YES;
				CLANG_WARN_CONSTANT_CONVERSION = YES;
				CLANG_WARN_DIRECT_OBJC_ISA_USAGE = YES_ERROR;
				CLANG_WARN_EMPTY_BODY = YES;
				CLANG_WARN_ENUM_CONVERSION = YES;
				CLANG_WARN_INT_CONVERSION = YES;
				CLANG_WARN_OBJC_ROOT_CLASS = YES_ERROR;
				CLANG_WARN__DUPLICATE_METHOD_MATCH = YES;
				"CODE_SIGN_IDENTITY[sdk=iphoneos*]" = "iPhone Developer";
				COPY_PHASE_STRIP = YES;
				ENABLE_NS_ASSERTIONS = NO;
				GCC_C_LANGUAGE_STANDARD = gnu99;
				GCC_WARN_64_TO_32_BIT_CONVERSION = YES;
				GCC_WARN_ABOUT_RETURN_TYPE = YES_ERROR;
				GCC_WARN_UNDECLARED_SELECTOR = YES;
				GCC_WARN_UNINITIALIZED_AUTOS = YES_AGGRESSIVE;
				GCC_WARN_UNUSED_FUNCTION = YES;
				GCC_WARN_UNUSED_VARIABLE = YES;
				IPHONEOS_DEPLOYMENT_TARGET = 7.1;
				SDKROOT = iphoneos;
				VALIDATE_PRODUCT = YES;
			};
			name = Release;
		};
		B91699A4192C018C00B52DD1 /* Debug */ = {
			isa = XCBuildConfiguration;
			buildSettings = {
				ASSETCATALOG_COMPILER_APPICON_NAME = AppIcon;
				ASSETCATALOG_COMPILER_LAUNCHIMAGE_NAME = LaunchImage;
				GCC_PRECOMPILE_PREFIX_HEADER = YES;
				GCC_PREFIX_HEADER = "KPAPagedViewDemo/KPAPagedViewDemo-Prefix.pch";
				INFOPLIST_FILE = "KPAPagedViewDemo/KPAPagedViewDemo-Info.plist";
				PRODUCT_NAME = "$(TARGET_NAME)";
				WRAPPER_EXTENSION = app;
			};
			name = Debug;
		};
		B91699A5192C018C00B52DD1 /* Release */ = {
			isa = XCBuildConfiguration;
			buildSettings = {
				ASSETCATALOG_COMPILER_APPICON_NAME = AppIcon;
				ASSETCATALOG_COMPILER_LAUNCHIMAGE_NAME = LaunchImage;
				GCC_PRECOMPILE_PREFIX_HEADER = YES;
				GCC_PREFIX_HEADER = "KPAPagedViewDemo/KPAPagedViewDemo-Prefix.pch";
				INFOPLIST_FILE = "KPAPagedViewDemo/KPAPagedViewDemo-Info.plist";
				PRODUCT_NAME = "$(TARGET_NAME)";
				WRAPPER_EXTENSION = app;
			};
			name = Release;
		};
		B91699A7192C018C00B52DD1 /* Debug */ = {
			isa = XCBuildConfiguration;
			buildSettings = {
				BUNDLE_LOADER = "$(BUILT_PRODUCTS_DIR)/KPAPagedViewDemo.app/KPAPagedViewDemo";
				FRAMEWORK_SEARCH_PATHS = (
					"$(SDKROOT)/Developer/Library/Frameworks",
					"$(inherited)",
					"$(DEVELOPER_FRAMEWORKS_DIR)",
				);
				GCC_PRECOMPILE_PREFIX_HEADER = YES;
				GCC_PREFIX_HEADER = "KPAPagedViewDemo/KPAPagedViewDemo-Prefix.pch";
				GCC_PREPROCESSOR_DEFINITIONS = (
					"DEBUG=1",
					"$(inherited)",
				);
				INFOPLIST_FILE = "KPAPagedViewDemoTests/KPAPagedViewDemoTests-Info.plist";
				PRODUCT_NAME = "$(TARGET_NAME)";
				TEST_HOST = "$(BUNDLE_LOADER)";
				WRAPPER_EXTENSION = xctest;
			};
			name = Debug;
		};
		B91699A8192C018C00B52DD1 /* Release */ = {
			isa = XCBuildConfiguration;
			buildSettings = {
				BUNDLE_LOADER = "$(BUILT_PRODUCTS_DIR)/KPAPagedViewDemo.app/KPAPagedViewDemo";
				FRAMEWORK_SEARCH_PATHS = (
					"$(SDKROOT)/Developer/Library/Frameworks",
					"$(inherited)",
					"$(DEVELOPER_FRAMEWORKS_DIR)",
				);
				GCC_PRECOMPILE_PREFIX_HEADER = YES;
				GCC_PREFIX_HEADER = "KPAPagedViewDemo/KPAPagedViewDemo-Prefix.pch";
				INFOPLIST_FILE = "KPAPagedViewDemoTests/KPAPagedViewDemoTests-Info.plist";
				PRODUCT_NAME = "$(TARGET_NAME)";
				TEST_HOST = "$(BUNDLE_LOADER)";
				WRAPPER_EXTENSION = xctest;
			};
			name = Release;
		};
/* End XCBuildConfiguration section */

/* Begin XCConfigurationList section */
		B916996C192C018B00B52DD1 /* Build configuration list for PBXProject "KPAPagedViewDemo" */ = {
			isa = XCConfigurationList;
			buildConfigurations = (
				B91699A1192C018C00B52DD1 /* Debug */,
				B91699A2192C018C00B52DD1 /* Release */,
			);
			defaultConfigurationIsVisible = 0;
			defaultConfigurationName = Release;
		};
		B91699A3192C018C00B52DD1 /* Build configuration list for PBXNativeTarget "KPAPagedViewDemo" */ = {
			isa = XCConfigurationList;
			buildConfigurations = (
				B91699A4192C018C00B52DD1 /* Debug */,
				B91699A5192C018C00B52DD1 /* Release */,
			);
			defaultConfigurationIsVisible = 0;
		};
		B91699A6192C018C00B52DD1 /* Build configuration list for PBXNativeTarget "KPAPagedViewDemoTests" */ = {
			isa = XCConfigurationList;
			buildConfigurations = (
				B91699A7192C018C00B52DD1 /* Debug */,
				B91699A8192C018C00B52DD1 /* Release */,
			);
			defaultConfigurationIsVisible = 0;
		};
/* End XCConfigurationList section */
	};
	rootObject = B9169969192C018B00B52DD1 /* Project object */;
}
